
Microsoft Visual Studio Solution File, Format Version 12.00
# Visual Studio Version 17
VisualStudioVersion = 17.0.32014.148
MinimumVisualStudioVersion = 10.0.40219.1
Project("{9A19103F-16F7-4668-BE54-9A1E7A4F7556}") = "Presentation.Api", "Quotes\Presentation.Api.csproj", "{9976DFC8-1053-4C53-B690-9A2FFA8EE805}"
EndProject
Project("{9A19103F-16F7-4668-BE54-9A1E7A4F7556}") = "Domain", "Domain\Domain.csproj", "{1835D67B-1640-457E-9EBA-5B58576C59CA}"
EndProject
Project("{9A19103F-16F7-4668-BE54-9A1E7A4F7556}") = "Application", "Application\Application.csproj", "{5792040D-68D9-425B-86AF-25C4E2586DD5}"
EndProject
Project("{9A19103F-16F7-4668-BE54-9A1E7A4F7556}") = "Infrastructure", "Infrastructure\Infrastructure.csproj", "{8B243FB5-789C-4069-B29A-B299015D023A}"
EndProject
Project("{9A19103F-16F7-4668-BE54-9A1E7A4F7556}") = "Presentation", "Presentation\Presentation.csproj", "{567DB8C4-3062-4EA9-AF47-03612BE4E113}"
EndProject
Project("{9A19103F-16F7-4668-BE54-9A1E7A4F7556}") = "Presentation.View", "Presentation.View\Presentation.View.csproj", "{7366C02D-10EA-4AD8-A34C-671E5E30592E}"
EndProject
Global
	GlobalSection(SolutionConfigurationPlatforms) = preSolution
		Debug|Any CPU = Debug|Any CPU
		Release|Any CPU = Release|Any CPU
	EndGlobalSection
	GlobalSection(ProjectConfigurationPlatforms) = postSolution
		{9976DFC8-1053-4C53-B690-9A2FFA8EE805}.Debug|Any CPU.ActiveCfg = Debug|Any CPU
		{9976DFC8-1053-4C53-B690-9A2FFA8EE805}.Debug|Any CPU.Build.0 = Debug|Any CPU
		{9976DFC8-1053-4C53-B690-9A2FFA8EE805}.Release|Any CPU.ActiveCfg = Release|Any CPU
		{9976DFC8-1053-4C53-B690-9A2FFA8EE805}.Release|Any CPU.Build.0 = Release|Any CPU
		{1835D67B-1640-457E-9EBA-5B58576C59CA}.Debug|Any CPU.ActiveCfg = Debug|Any CPU
		{1835D67B-1640-457E-9EBA-5B58576C59CA}.Debug|Any CPU.Build.0 = Debug|Any CPU
		{1835D67B-1640-457E-9EBA-5B58576C59CA}.Release|Any CPU.ActiveCfg = Release|Any CPU
		{1835D67B-1640-457E-9EBA-5B58576C59CA}.Release|Any CPU.Build.0 = Release|Any CPU
		{5792040D-68D9-425B-86AF-25C4E2586DD5}.Debug|Any CPU.ActiveCfg = Debug|Any CPU
		{5792040D-68D9-425B-86AF-25C4E2586DD5}.Debug|Any CPU.Build.0 = Debug|Any CPU
		{5792040D-68D9-425B-86AF-25C4E2586DD5}.Release|Any CPU.ActiveCfg = Release|Any CPU
		{5792040D-68D9-425B-86AF-25C4E2586DD5}.Release|Any CPU.Build.0 = Release|Any CPU
		{8B243FB5-789C-4069-B29A-B299015D023A}.Debug|Any CPU.ActiveCfg = Debug|Any CPU
		{8B243FB5-789C-4069-B29A-B299015D023A}.Debug|Any CPU.Build.0 = Debug|Any CPU
		{8B243FB5-789C-4069-B29A-B299015D023A}.Release|Any CPU.ActiveCfg = Release|Any CPU
		{8B243FB5-789C-4069-B29A-B299015D023A}.Release|Any CPU.Build.0 = Release|Any CPU
		{567DB8C4-3062-4EA9-AF47-03612BE4E113}.Debug|Any CPU.ActiveCfg = Debug|Any CPU
		{567DB8C4-3062-4EA9-AF47-03612BE4E113}.Debug|Any CPU.Build.0 = Debug|Any CPU
		{567DB8C4-3062-4EA9-AF47-03612BE4E113}.Release|Any CPU.ActiveCfg = Release|Any CPU
		{567DB8C4-3062-4EA9-AF47-03612BE4E113}.Release|Any CPU.Build.0 = Release|Any CPU
		{7366C02D-10EA-4AD8-A34C-671E5E30592E}.Debug|Any CPU.ActiveCfg = Debug|Any CPU
		{7366C02D-10EA-4AD8-A34C-671E5E30592E}.Debug|Any CPU.Build.0 = Debug|Any CPU
		{7366C02D-10EA-4AD8-A34C-671E5E30592E}.Release|Any CPU.ActiveCfg = Release|Any CPU
		{7366C02D-10EA-4AD8-A34C-671E5E30592E}.Release|Any CPU.Build.0 = Release|Any CPU
	EndGlobalSection
	GlobalSection(SolutionProperties) = preSolution
		HideSolutionNode = FALSE
	EndGlobalSection
	GlobalSection(ExtensibilityGlobals) = postSolution
		SolutionGuid = {0DCF86D6-FA14-47C6-B3B6-1065A26BC4C0}
	EndGlobalSection
EndGlobal
